{
  "name": "meet-dual-legend",
  "version": "0.5.0",
  "lockfileVersion": 3,
  "requires": true,
  "packages": {
    "": {
      "name": "meet-dual-legend",
      "version": "0.5.0",
      "devDependencies": {
        "@browsermt/bergamot-translator": "^0.4.9"
      }
    },
    "node_modules/@browsermt/bergamot-translator": {
      "version": "0.4.9",
      "resolved": "https://registry.npmjs.org/@browsermt/bergamot-translator/-/bergamot-translator-0.4.9.tgz",
      "integrity": "sha512-bNuuCwM/JnsIYQCKXcYKFT4Qc5vLMoB8Nbvz8ReIgs7xzebK8Sa+R8iEK8mLvNBe/WaZ6zrPaUQilLsRT/ea8Q==",
      "dev": true,
      "license": "MPL-2.0"
    }
  }
}
